{
  "name": "ajs-1",
  "version": "1.0.0",
  "lockfileVersion": 3,
  "requires": true,
  "packages": {
    "": {
      "name": "ajs-1",
      "version": "1.0.0",
      "license": "ISC",
      "dependencies": {
        "@edelsid/ajs": "^1.0.0"
      }
    },
    "node_modules/@edelsid/ajs": {
      "version": "1.0.0",
      "resolved": "https://npm.pkg.github.com/download/@edelsid/ajs/1.0.0/79578e2dad68a6c319842c38dc5c63d7218358e6",
      "integrity": "sha512-brE9p4/r2Yb40svrmfuQLjSrcuPr8mnDw4JXN7bzB7GlCVtpx3Dm+MQ7ZHx1LbYSGnQ8kFYUT4erFbxu2hL+0g==",
      "license": "ISC"
    }
  }
}
